
Microsoft Visual Studio Solution File, Format Version 12.00
# Visual Studio Version 16
VisualStudioVersion = 16.0.31515.178
MinimumVisualStudioVersion = 10.0.40219.1
Project("{FAE04EC0-301F-11D3-BF4B-00C04F79EFBC}") = "TarefasPendentes", "TarefasPendentes.csproj", "{EDC05F82-944A-48B7-B42F-F27794E69D2E}"
EndProject
Global
	GlobalSection(SolutionConfigurationPlatforms) = preSolution
		Debug|Any CPU = Debug|Any CPU
		Release|Any CPU = Release|Any CPU
	EndGlobalSection
	GlobalSection(ProjectConfigurationPlatforms) = postSolution
		{EDC05F82-944A-48B7-B42F-F27794E69D2E}.Debug|Any CPU.ActiveCfg = Debug|Any CPU
		{EDC05F82-944A-48B7-B42F-F27794E69D2E}.Debug|Any CPU.Build.0 = Debug|Any CPU
		{EDC05F82-944A-48B7-B42F-F27794E69D2E}.Release|Any CPU.ActiveCfg = Release|Any CPU
		{EDC05F82-944A-48B7-B42F-F27794E69D2E}.Release|Any CPU.Build.0 = Release|Any CPU
	EndGlobalSection
	GlobalSection(SolutionProperties) = preSolution
		HideSolutionNode = FALSE
	EndGlobalSection
	GlobalSection(ExtensibilityGlobals) = postSolution
		SolutionGuid = {EC813006-5ED2-483D-967B-913536BFF132}
	EndGlobalSection
EndGlobal
